PODS:
  - Flutter (1.0.0)
  - integration_test (0.0.1):
    - Flutter
  - qa_flutter_plugin (0.0.1):
    - Flutter

DEPENDENCIES:
  - Flutter (from `Flutter`)
  - integration_test (from `.symlinks/plugins/integration_test/ios`)
  - qa_flutter_plugin (from `.symlinks/plugins/qa_flutter_plugin/ios`)

EXTERNAL SOURCES:
  Flutter:
    :path: Flutter
  integration_test:
    :path: ".symlinks/plugins/integration_test/ios"
  qa_flutter_plugin:
    :path: ".symlinks/plugins/qa_flutter_plugin/ios"

SPEC CHECKSUMS:
  Flutter: e0871f40cf51350855a761d2e70bf5af5b9b5de7
  integration_test: 13825b8a9334a850581300559b8839134b124670
  qa_flutter_plugin: ca64c18ee4ca88dff359b064da19be81a5bac187

PODFILE CHECKSUM: 39f0e487c890155544a581d47cdac0f13d5e5d3d

COCOAPODS: 1.15.2
