PODS:
  - Flutter (1.0.0)
  - integration_test (0.0.1):
    - Flutter
  - qa_flutter_plugin (0.0.1):
    - Flutter
    - QASwiftSDK (= 0.7.2)
  - QASwiftSDK (0.7.2):
    - QuantActionsExtraFrameworks
    - RealmSwift (~> 10.42.1)
  - QuantActionsExtraFrameworks (4.22.0)
  - Realm (10.42.4):
    - Realm/Headers (= 10.42.4)
  - Realm/Headers (10.42.4)
  - RealmSwift (10.42.4):
    - Realm (= 10.42.4)

DEPENDENCIES:
  - Flutter (from `Flutter`)
  - integration_test (from `.symlinks/plugins/integration_test/ios`)
  - qa_flutter_plugin (from `.symlinks/plugins/qa_flutter_plugin/ios`)

SPEC REPOS:
  trunk:
    - QASwiftSDK
    - QuantActionsExtraFrameworks
    - Realm
    - RealmSwift

EXTERNAL SOURCES:
  Flutter:
    :path: Flutter
  integration_test:
    :path: ".symlinks/plugins/integration_test/ios"
  qa_flutter_plugin:
    :path: ".symlinks/plugins/qa_flutter_plugin/ios"

SPEC CHECKSUMS:
  Flutter: e0871f40cf51350855a761d2e70bf5af5b9b5de7
  integration_test: 13825b8a9334a850581300559b8839134b124670
  qa_flutter_plugin: 1f469de46f05c42eee987da8ae74ff4dbf5763f0
  QASwiftSDK: fc9124fa87b20318edcb4c211704f6577fb68a6e
  QuantActionsExtraFrameworks: ec0cc91b18aec23f077b9534dfc658b4b5286a37
  Realm: a3a10c2110744ec9510a5fc21a6051818c6181c7
  RealmSwift: d25fa6c3cbb722a698993a501206d9841d79ca32

PODFILE CHECKSUM: c64221da089747164cc5d909de9bf396c592bbe9

COCOAPODS: 1.15.2
